
Microsoft Visual Studio Solution File, Format Version 12.00
# Visual Studio Version 17
VisualStudioVersion = 17.0.32112.339
MinimumVisualStudioVersion = 10.0.40219.1
Project("{FAE04EC0-301F-11D3-BF4B-00C04F79EFBC}") = "CarServiceManagementSystem", "CarServiceManagementSystem\CarServiceManagementSystem.csproj", "{C17FDBF2-04BC-4B77-8139-B650A098D37A}"
EndProject
Project("{FAE04EC0-301F-11D3-BF4B-00C04F79EFBC}") = "CarServiceManagementSystem.Data", "CarServiceManagementSystem.Data\CarServiceManagementSystem.Data.csproj", "{1F44DEDB-087E-4121-A6F8-B47DEABB5C27}"
EndProject
Global
	GlobalSection(SolutionConfigurationPlatforms) = preSolution
		Debug|Any CPU = Debug|Any CPU
		Release|Any CPU = Release|Any CPU
	EndGlobalSection
	GlobalSection(ProjectConfigurationPlatforms) = postSolution
		{C17FDBF2-04BC-4B77-8139-B650A098D37A}.Debug|Any CPU.ActiveCfg = Debug|Any CPU
		{C17FDBF2-04BC-4B77-8139-B650A098D37A}.Debug|Any CPU.Build.0 = Debug|Any CPU
		{C17FDBF2-04BC-4B77-8139-B650A098D37A}.Release|Any CPU.ActiveCfg = Release|Any CPU
		{C17FDBF2-04BC-4B77-8139-B650A098D37A}.Release|Any CPU.Build.0 = Release|Any CPU
		{1F44DEDB-087E-4121-A6F8-B47DEABB5C27}.Debug|Any CPU.ActiveCfg = Debug|Any CPU
		{1F44DEDB-087E-4121-A6F8-B47DEABB5C27}.Debug|Any CPU.Build.0 = Debug|Any CPU
		{1F44DEDB-087E-4121-A6F8-B47DEABB5C27}.Release|Any CPU.ActiveCfg = Release|Any CPU
		{1F44DEDB-087E-4121-A6F8-B47DEABB5C27}.Release|Any CPU.Build.0 = Release|Any CPU
	EndGlobalSection
	GlobalSection(SolutionProperties) = preSolution
		HideSolutionNode = FALSE
	EndGlobalSection
	GlobalSection(ExtensibilityGlobals) = postSolution
		SolutionGuid = {C5522338-B61F-4E8F-982E-114718EC4D85}
	EndGlobalSection
EndGlobal
