
Microsoft Visual Studio Solution File, Format Version 12.00
# Visual Studio Version 17
VisualStudioVersion = 17.0.32112.339
MinimumVisualStudioVersion = 10.0.40219.1
Project("{9A19103F-16F7-4668-BE54-9A1E7A4F7556}") = "CarServiceManagementSystem", "CarServiceManagementSystem\CarServiceManagementSystem.csproj", "{C17FDBF2-04BC-4B77-8139-B650A098D37A}"
EndProject
Project("{9A19103F-16F7-4668-BE54-9A1E7A4F7556}") = "CarServiceManagementSystem.Data", "CarServiceManagementSystem.Data\CarServiceManagementSystem.Data.csproj", "{1F44DEDB-087E-4121-A6F8-B47DEABB5C27}"
EndProject
Project("{2150E333-8FDC-42A3-9474-1A3956D46DE8}") = "Solution Items", "Solution Items", "{1B7A280B-D3FC-4A7F-9B0F-C5F1387395BA}"
	ProjectSection(SolutionItems) = preProject
		.editorconfig = .editorconfig
	EndProjectSection
EndProject
Global
	GlobalSection(SolutionConfigurationPlatforms) = preSolution
		Debug|Any CPU = Debug|Any CPU
		Release|Any CPU = Release|Any CPU
	EndGlobalSection
	GlobalSection(ProjectConfigurationPlatforms) = postSolution
		{C17FDBF2-04BC-4B77-8139-B650A098D37A}.Debug|Any CPU.ActiveCfg = Debug|Any CPU
		{C17FDBF2-04BC-4B77-8139-B650A098D37A}.Debug|Any CPU.Build.0 = Debug|Any CPU
		{C17FDBF2-04BC-4B77-8139-B650A098D37A}.Release|Any CPU.ActiveCfg = Release|Any CPU
		{C17FDBF2-04BC-4B77-8139-B650A098D37A}.Release|Any CPU.Build.0 = Release|Any CPU
		{1F44DEDB-087E-4121-A6F8-B47DEABB5C27}.Debug|Any CPU.ActiveCfg = Debug|Any CPU
		{1F44DEDB-087E-4121-A6F8-B47DEABB5C27}.Debug|Any CPU.Build.0 = Debug|Any CPU
		{1F44DEDB-087E-4121-A6F8-B47DEABB5C27}.Release|Any CPU.ActiveCfg = Release|Any CPU
		{1F44DEDB-087E-4121-A6F8-B47DEABB5C27}.Release|Any CPU.Build.0 = Release|Any CPU
	EndGlobalSection
	GlobalSection(SolutionProperties) = preSolution
		HideSolutionNode = FALSE
	EndGlobalSection
	GlobalSection(ExtensibilityGlobals) = postSolution
		SolutionGuid = {C5522338-B61F-4E8F-982E-114718EC4D85}
	EndGlobalSection
EndGlobal
