
Microsoft Visual Studio Solution File, Format Version 12.00
# Visual Studio Version 17
VisualStudioVersion = 17.0.32112.339
MinimumVisualStudioVersion = 10.0.40219.1
Project("{9A19103F-16F7-4668-BE54-9A1E7A4F7556}") = "CarServiceManagementSystem", "CarServiceManagementSystem\CarServiceManagementSystem.csproj", "{C17FDBF2-04BC-4B77-8139-B650A098D37A}"
EndProject
Project("{9A19103F-16F7-4668-BE54-9A1E7A4F7556}") = "CarServiceManagementSystem.Data", "CarServiceManagementSystem.Data\CarServiceManagementSystem.Data.csproj", "{1F44DEDB-087E-4121-A6F8-B47DEABB5C27}"
EndProject
Project("{2150E333-8FDC-42A3-9474-1A3956D46DE8}") = "Solution Items", "Solution Items", "{1B7A280B-D3FC-4A7F-9B0F-C5F1387395BA}"
	ProjectSection(SolutionItems) = preProject
		.editorconfig = .editorconfig
	EndProjectSection
EndProject
Project("{9A19103F-16F7-4668-BE54-9A1E7A4F7556}") = "CarServiceManagementSystem.Services", "CarServiceManagementSystem.Services\CarServiceManagementSystem.Services.csproj", "{EC1C4BF6-7653-409F-9E99-E3A1F1586412}"
EndProject
Project("{9A19103F-16F7-4668-BE54-9A1E7A4F7556}") = "CarServiceManagementSystem.ViewModels", "CarServiceManagementSystem.ViewModels\CarServiceManagementSystem.ViewModels.csproj", "{F25580DA-EE1F-4B37-9259-D0802EF2EDEF}"
EndProject
Project("{FAE04EC0-301F-11D3-BF4B-00C04F79EFBC}") = "CarServiceManagementSystem.Common", "CarServiceManagementSystem.Common\CarServiceManagementSystem.Common.csproj", "{2B483439-35C5-41D1-B8FA-8FFE8CF8F0AD}"
EndProject
Global
	GlobalSection(SolutionConfigurationPlatforms) = preSolution
		Debug|Any CPU = Debug|Any CPU
		Release|Any CPU = Release|Any CPU
	EndGlobalSection
	GlobalSection(ProjectConfigurationPlatforms) = postSolution
		{C17FDBF2-04BC-4B77-8139-B650A098D37A}.Debug|Any CPU.ActiveCfg = Debug|Any CPU
		{C17FDBF2-04BC-4B77-8139-B650A098D37A}.Debug|Any CPU.Build.0 = Debug|Any CPU
		{C17FDBF2-04BC-4B77-8139-B650A098D37A}.Release|Any CPU.ActiveCfg = Release|Any CPU
		{C17FDBF2-04BC-4B77-8139-B650A098D37A}.Release|Any CPU.Build.0 = Release|Any CPU
		{1F44DEDB-087E-4121-A6F8-B47DEABB5C27}.Debug|Any CPU.ActiveCfg = Debug|Any CPU
		{1F44DEDB-087E-4121-A6F8-B47DEABB5C27}.Debug|Any CPU.Build.0 = Debug|Any CPU
		{1F44DEDB-087E-4121-A6F8-B47DEABB5C27}.Release|Any CPU.ActiveCfg = Release|Any CPU
		{1F44DEDB-087E-4121-A6F8-B47DEABB5C27}.Release|Any CPU.Build.0 = Release|Any CPU
		{EC1C4BF6-7653-409F-9E99-E3A1F1586412}.Debug|Any CPU.ActiveCfg = Debug|Any CPU
		{EC1C4BF6-7653-409F-9E99-E3A1F1586412}.Debug|Any CPU.Build.0 = Debug|Any CPU
		{EC1C4BF6-7653-409F-9E99-E3A1F1586412}.Release|Any CPU.ActiveCfg = Release|Any CPU
		{EC1C4BF6-7653-409F-9E99-E3A1F1586412}.Release|Any CPU.Build.0 = Release|Any CPU
		{F25580DA-EE1F-4B37-9259-D0802EF2EDEF}.Debug|Any CPU.ActiveCfg = Debug|Any CPU
		{F25580DA-EE1F-4B37-9259-D0802EF2EDEF}.Debug|Any CPU.Build.0 = Debug|Any CPU
		{F25580DA-EE1F-4B37-9259-D0802EF2EDEF}.Release|Any CPU.ActiveCfg = Release|Any CPU
		{F25580DA-EE1F-4B37-9259-D0802EF2EDEF}.Release|Any CPU.Build.0 = Release|Any CPU
		{2B483439-35C5-41D1-B8FA-8FFE8CF8F0AD}.Debug|Any CPU.ActiveCfg = Debug|Any CPU
		{2B483439-35C5-41D1-B8FA-8FFE8CF8F0AD}.Debug|Any CPU.Build.0 = Debug|Any CPU
		{2B483439-35C5-41D1-B8FA-8FFE8CF8F0AD}.Release|Any CPU.ActiveCfg = Release|Any CPU
		{2B483439-35C5-41D1-B8FA-8FFE8CF8F0AD}.Release|Any CPU.Build.0 = Release|Any CPU
	EndGlobalSection
	GlobalSection(SolutionProperties) = preSolution
		HideSolutionNode = FALSE
	EndGlobalSection
	GlobalSection(ExtensibilityGlobals) = postSolution
		SolutionGuid = {C5522338-B61F-4E8F-982E-114718EC4D85}
	EndGlobalSection
EndGlobal
